{
    "_readme": [
        "This file locks the dependencies of your project to a known state",
        "Read more about it at https://getcomposer.org/doc/01-basic-usage.md#installing-dependencies",
        "This file is @generated automatically"
    ],
    "content-hash": "d378d3a1d2bcd6efd85d8248c951a6cc",
    "packages": [
        {
            "name": "serpapi/google-search-results-php",
            "version": "2.0",
            "source": {
                "type": "git",
                "url": "https://github.com/serpapi/google-search-results-php.git",
                "reference": "42b31bbf3875ff01c89cbc3b6d1c6fe1c71d108e"
            },
            "dist": {
                "type": "zip",
                "url": "https://api.github.com/repos/serpapi/google-search-results-php/zipball/42b31bbf3875ff01c89cbc3b6d1c6fe1c71d108e",
                "reference": "42b31bbf3875ff01c89cbc3b6d1c6fe1c71d108e",
                "shasum": ""
            },
            "require": {
                "ext-curl": "*",
                "ext-json": "*",
                "php": "^5.5 || ^7.0"
            },
            "require-dev": {
                "php": "^5.5 || ^7.0",
                "phpunit/phpunit": "^9.3"
            },
            "type": "library",
            "autoload": {
                "files": [
                    "restclient.php",
                    "google-search-results.php"
                ]
            },
            "notification-url": "https://packagist.org/downloads/",
            "license": [
                "MIT"
            ],
            "authors": [
                {
                    "name": "Victor Benarbia",
                    "email": "victor@serpapi.com",
                    "role": "Developer"
                }
            ],
            "description": "Scrape Google, Bing, Baidu, Ebay, Youtube, Walmart, Yandex search result at scale using SerpApi.com",
            "homepage": "http://github.com/serpapi/google-search-results-php",
            "keywords": [
                "SERP",
                "api",
                "client",
                "curl",
                "google",
                "json",
                "localisation",
                "rest",
                "result",
                "search",
                "walmart",
                "xml",
                "yandex",
                "youtube"
            ],
            "support": {
                "issues": "http://github.com/serpapi/google-search-results-php/issues",
                "source": "https://github.com/serpapi/google-search-results-php/tree/2.0"
            },
            "time": "2020-08-15T13:30:01+00:00"
        }
    ],
    "packages-dev": [
        {
            "name": "tareq1988/wp-php-cs-fixer",
            "version": "dev-master",
            "source": {
                "type": "git",
                "url": "https://github.com/tareq1988/wp-php-cs-fixer.git",
                "reference": "eeef65598ae7bac55a09073e666ec0eabf303a12"
            },
            "dist": {
                "type": "zip",
                "url": "https://api.github.com/repos/tareq1988/wp-php-cs-fixer/zipball/eeef65598ae7bac55a09073e666ec0eabf303a12",
                "reference": "eeef65598ae7bac55a09073e666ec0eabf303a12",
                "shasum": ""
            },
            "default-branch": true,
            "type": "library",
            "autoload": {
                "psr-4": {
                    "WeDevs\\Fixer\\": "src"
                }
            },
            "notification-url": "https://packagist.org/downloads/",
            "license": [
                "MIT"
            ],
            "authors": [
                {
                    "name": "Tareq Hasan",
                    "email": "tareq@wedevs.com"
                }
            ],
            "description": "WordPress rules for php-cs-fixer",
            "support": {
                "issues": "https://github.com/tareq1988/wp-php-cs-fixer/issues",
                "source": "https://github.com/tareq1988/wp-php-cs-fixer/tree/master"
            },
            "time": "2022-08-26T09:36:52+00:00"
        }
    ],
    "aliases": [],
    "minimum-stability": "stable",
    "stability-flags": {
        "tareq1988/wp-php-cs-fixer": 20
    },
    "prefer-stable": false,
    "prefer-lowest": false,
    "platform": {
        "ext-json": "*",
        "ext-dom": "*",
        "ext-libxml": "*",
        "ext-curl": "*"
    },
    "platform-dev": [],
    "plugin-api-version": "2.3.0"
}
